// !$*UTF8*$!
{
	archiveVersion = 1;
	classes = {
	};
	objectVersion = 46;
	objects = {

/* Begin PBXBuildFile section */
		FB573EBD199419C200C31683 /* Foundation.framework in Frameworks */ = {isa = PBXBuildFile; fileRef = FB573EBC199419C200C31683 /* Foundation.framework */; };
		FB573EBF199419C200C31683 /* CoreGraphics.framework in Frameworks */ = {isa = PBXBuildFile; fileRef = FB573EBE199419C200C31683 /* CoreGraphics.framework */; };
		FB573EC1199419C200C31683 /* UIKit.framework in Frameworks */ = {isa = PBXBuildFile; fileRef = FB573EC0199419C200C31683 /* UIKit.framework */; };
		FB573EC3199419C200C31683 /* SpriteKit.framework in Frameworks */ = {isa = PBXBuildFile; fileRef = FB573EC2199419C200C31683 /* SpriteKit.framework */; };
		FB573EC9199419C200C31683 /* InfoPlist.strings in Resources */ = {isa = PBXBuildFile; fileRef = FB573EC7199419C200C31683 /* InfoPlist.strings */; };
		FB573ECB199419C200C31683 /* main.m in Sources */ = {isa = PBXBuildFile; fileRef = FB573ECA199419C200C31683 /* main.m */; };
		FB573ECF199419C200C31683 /* BKTAppDelegate.m in Sources */ = {isa = PBXBuildFile; fileRef = FB573ECE199419C200C31683 /* BKTAppDelegate.m */; };
		FB573ED2199419C200C31683 /* Main.storyboard in Resources */ = {isa = PBXBuildFile; fileRef = FB573ED0199419C200C31683 /* Main.storyboard */; };
		FB573ED5199419C200C31683 /* BKTViewController.m in Sources */ = {isa = PBXBuildFile; fileRef = FB573ED4199419C200C31683 /* BKTViewController.m */; };
		FB573ED8199419C200C31683 /* BKTMyScene.m in Sources */ = {isa = PBXBuildFile; fileRef = FB573ED7199419C200C31683 /* BKTMyScene.m */; };
		FB573EDC199419C200C31683 /* Images.xcassets in Resources */ = {isa = PBXBuildFile; fileRef = FB573EDB199419C200C31683 /* Images.xcassets */; };
		FB573EE3199419C200C31683 /* XCTest.framework in Frameworks */ = {isa = PBXBuildFile; fileRef = FB573EE2199419C200C31683 /* XCTest.framework */; };
		FB573EE4199419C200C31683 /* Foundation.framework in Frameworks */ = {isa = PBXBuildFile; fileRef = FB573EBC199419C200C31683 /* Foundation.framework */; };
		FB573EE5199419C200C31683 /* UIKit.framework in Frameworks */ = {isa = PBXBuildFile; fileRef = FB573EC0199419C200C31683 /* UIKit.framework */; };
		FB573EED199419C200C31683 /* InfoPlist.strings in Resources */ = {isa = PBXBuildFile; fileRef = FB573EEB199419C200C31683 /* InfoPlist.strings */; };
		FB573EEF199419C200C31683 /* BreakOutTests.m in Sources */ = {isa = PBXBuildFile; fileRef = FB573EEE199419C200C31683 /* BreakOutTests.m */; };
		FB573EFC19941E6E00C31683 /* assets.atlas in Resources */ = {isa = PBXBuildFile; fileRef = FB573EF919941E6E00C31683 /* assets.atlas */; };
		FB573EFD19941E6E00C31683 /* bg@2x~iphone.png in Resources */ = {isa = PBXBuildFile; fileRef = FB573EFB19941E6E00C31683 /* bg@2x~iphone.png */; };
/* End PBXBuildFile section */

/* Begin PBXContainerItemProxy section */
		FB573EE6199419C200C31683 /* PBXContainerItemProxy */ = {
			isa = PBXContainerItemProxy;
			containerPortal = FB573EB1199419C100C31683 /* Project object */;
			proxyType = 1;
			remoteGlobalIDString = FB573EB8199419C100C31683;
			remoteInfo = BreakOut;
		};
/* End PBXContainerItemProxy section */

/* Begin PBXFileReference section */
		FB573EB9199419C200C31683 /* BreakOut.app */ = {isa = PBXFileReference; explicitFileType = wrapper.application; includeInIndex = 0; path = BreakOut.app; sourceTree = BUILT_PRODUCTS_DIR; };
		FB573EBC199419C200C31683 /* Foundation.framework */ = {isa = PBXFileReference; lastKnownFileType = wrapper.framework; name = Foundation.framework; path = System/Library/Frameworks/Foundation.framework; sourceTree = SDKROOT; };
		FB573EBE199419C200C31683 /* CoreGraphics.framework */ = {isa = PBXFileReference; lastKnownFileType = wrapper.framework; name = CoreGraphics.framework; path = System/Library/Frameworks/CoreGraphics.framework; sourceTree = SDKROOT; };
		FB573EC0199419C200C31683 /* UIKit.framework */ = {isa = PBXFileReference; lastKnownFileType = wrapper.framework; name = UIKit.framework; path = System/Library/Frameworks/UIKit.framework; sourceTree = SDKROOT; };
		FB573EC2199419C200C31683 /* SpriteKit.framework */ = {isa = PBXFileReference; lastKnownFileType = wrapper.framework; name = SpriteKit.framework; path = System/Library/Frameworks/SpriteKit.framework; sourceTree = SDKROOT; };
		FB573EC6199419C200C31683 /* BreakOut-Info.plist */ = {isa = PBXFileReference; lastKnownFileType = text.plist.xml; path = "BreakOut-Info.plist"; sourceTree = "<group>"; };
		FB573EC8199419C200C31683 /* en */ = {isa = PBXFileReference; lastKnownFileType = text.plist.strings; name = en; path = en.lproj/InfoPlist.strings; sourceTree = "<group>"; };
		FB573ECA199419C200C31683 /* main.m */ = {isa = PBXFileReference; lastKnownFileType = sourcecode.c.objc; path = main.m; sourceTree = "<group>"; };
		FB573ECC199419C200C31683 /* BreakOut-Prefix.pch */ = {isa = PBXFileReference; lastKnownFileType = sourcecode.c.h; path = "BreakOut-Prefix.pch"; sourceTree = "<group>"; };
		FB573ECD199419C200C31683 /* BKTAppDelegate.h */ = {isa = PBXFileReference; lastKnownFileType = sourcecode.c.h; path = BKTAppDelegate.h; sourceTree = "<group>"; };
		FB573ECE199419C200C31683 /* BKTAppDelegate.m */ = {isa = PBXFileReference; lastKnownFileType = sourcecode.c.objc; path = BKTAppDelegate.m; sourceTree = "<group>"; };
		FB573ED1199419C200C31683 /* Base */ = {isa = PBXFileReference; lastKnownFileType = file.storyboard; name = Base; path = Base.lproj/Main.storyboard; sourceTree = "<group>"; };
		FB573ED3199419C200C31683 /* BKTViewController.h */ = {isa = PBXFileReference; lastKnownFileType = sourcecode.c.h; path = BKTViewController.h; sourceTree = "<group>"; };
		FB573ED4199419C200C31683 /* BKTViewController.m */ = {isa = PBXFileReference; lastKnownFileType = sourcecode.c.objc; path = BKTViewController.m; sourceTree = "<group>"; };
		FB573ED6199419C200C31683 /* BKTMyScene.h */ = {isa = PBXFileReference; lastKnownFileType = sourcecode.c.h; path = BKTMyScene.h; sourceTree = "<group>"; };
		FB573ED7199419C200C31683 /* BKTMyScene.m */ = {isa = PBXFileReference; lastKnownFileType = sourcecode.c.objc; path = BKTMyScene.m; sourceTree = "<group>"; };
		FB573EDB199419C200C31683 /* Images.xcassets */ = {isa = PBXFileReference; lastKnownFileType = folder.assetcatalog; path = Images.xcassets; sourceTree = "<group>"; };
		FB573EE1199419C200C31683 /* BreakOutTests.xctest */ = {isa = PBXFileReference; explicitFileType = wrapper.cfbundle; includeInIndex = 0; path = BreakOutTests.xctest; sourceTree = BUILT_PRODUCTS_DIR; };
		FB573EE2199419C200C31683 /* XCTest.framework */ = {isa = PBXFileReference; lastKnownFileType = wrapper.framework; name = XCTest.framework; path = Library/Frameworks/XCTest.framework; sourceTree = DEVELOPER_DIR; };
		FB573EEA199419C200C31683 /* BreakOutTests-Info.plist */ = {isa = PBXFileReference; lastKnownFileType = text.plist.xml; path = "BreakOutTests-Info.plist"; sourceTree = "<group>"; };
		FB573EEC199419C200C31683 /* en */ = {isa = PBXFileReference; lastKnownFileType = text.plist.strings; name = en; path = en.lproj/InfoPlist.strings; sourceTree = "<group>"; };
		FB573EEE199419C200C31683 /* BreakOutTests.m */ = {isa = PBXFileReference; lastKnownFileType = sourcecode.c.objc; path = BreakOutTests.m; sourceTree = "<group>"; };
		FB573EF919941E6E00C31683 /* assets.atlas */ = {isa = PBXFileReference; lastKnownFileType = folder.skatlas; path = assets.atlas; sourceTree = "<group>"; };
		FB573EFB19941E6E00C31683 /* bg@2x~iphone.png */ = {isa = PBXFileReference; lastKnownFileType = image.png; path = "bg@2x~iphone.png"; sourceTree = "<group>"; };
/* End PBXFileReference section */

/* Begin PBXFrameworksBuildPhase section */
		FB573EB6199419C100C31683 /* Frameworks */ = {
			isa = PBXFrameworksBuildPhase;
			buildActionMask = 2147483647;
			files = (
				FB573EBF199419C200C31683 /* CoreGraphics.framework in Frameworks */,
				FB573EC1199419C200C31683 /* UIKit.framework in Frameworks */,
				FB573EC3199419C200C31683 /* SpriteKit.framework in Frameworks */,
				FB573EBD199419C200C31683 /* Foundation.framework in Frameworks */,
			);
			runOnlyForDeploymentPostprocessing = 0;
		};
		FB573EDE199419C200C31683 /* Frameworks */ = {
			isa = PBXFrameworksBuildPhase;
			buildActionMask = 2147483647;
			files = (
				FB573EE3199419C200C31683 /* XCTest.framework in Frameworks */,
				FB573EE5199419C200C31683 /* UIKit.framework in Frameworks */,
				FB573EE4199419C200C31683 /* Foundation.framework in Frameworks */,
			);
			runOnlyForDeploymentPostprocessing = 0;
		};
/* End PBXFrameworksBuildPhase section */

/* Begin PBXGroup section */
		FB573EB0199419C100C31683 = {
			isa = PBXGroup;
			children = (
				FB573EF819941E6E00C31683 /* Resources */,
				FB573EC4199419C200C31683 /* BreakOut */,
				FB573EE8199419C200C31683 /* BreakOutTests */,
				FB573EBB199419C200C31683 /* Frameworks */,
				FB573EBA199419C200C31683 /* Products */,
			);
			sourceTree = "<group>";
		};
		FB573EBA199419C200C31683 /* Products */ = {
			isa = PBXGroup;
			children = (
				FB573EB9199419C200C31683 /* BreakOut.app */,
				FB573EE1199419C200C31683 /* BreakOutTests.xctest */,
			);
			name = Products;
			sourceTree = "<group>";
		};
		FB573EBB199419C200C31683 /* Frameworks */ = {
			isa = PBXGroup;
			children = (
				FB573EBC199419C200C31683 /* Foundation.framework */,
				FB573EBE199419C200C31683 /* CoreGraphics.framework */,
				FB573EC0199419C200C31683 /* UIKit.framework */,
				FB573EC2199419C200C31683 /* SpriteKit.framework */,
				FB573EE2199419C200C31683 /* XCTest.framework */,
			);
			name = Frameworks;
			sourceTree = "<group>";
		};
		FB573EC4199419C200C31683 /* BreakOut */ = {
			isa = PBXGroup;
			children = (
				FB573ECD199419C200C31683 /* BKTAppDelegate.h */,
				FB573ECE199419C200C31683 /* BKTAppDelegate.m */,
				FB573ED0199419C200C31683 /* Main.storyboard */,
				FB573ED3199419C200C31683 /* BKTViewController.h */,
				FB573ED4199419C200C31683 /* BKTViewController.m */,
				FB573ED6199419C200C31683 /* BKTMyScene.h */,
				FB573ED7199419C200C31683 /* BKTMyScene.m */,
				FB573EDB199419C200C31683 /* Images.xcassets */,
				FB573EC5199419C200C31683 /* Supporting Files */,
			);
			path = BreakOut;
			sourceTree = "<group>";
		};
		FB573EC5199419C200C31683 /* Supporting Files */ = {
			isa = PBXGroup;
			children = (
				FB573EC6199419C200C31683 /* BreakOut-Info.plist */,
				FB573EC7199419C200C31683 /* InfoPlist.strings */,
				FB573ECA199419C200C31683 /* main.m */,
				FB573ECC199419C200C31683 /* BreakOut-Prefix.pch */,
			);
			name = "Supporting Files";
			sourceTree = "<group>";
		};
		FB573EE8199419C200C31683 /* BreakOutTests */ = {
			isa = PBXGroup;
			children = (
				FB573EEE199419C200C31683 /* BreakOutTests.m */,
				FB573EE9199419C200C31683 /* Supporting Files */,
			);
			path = BreakOutTests;
			sourceTree = "<group>";
		};
		FB573EE9199419C200C31683 /* Supporting Files */ = {
			isa = PBXGroup;
			children = (
				FB573EEA199419C200C31683 /* BreakOutTests-Info.plist */,
				FB573EEB199419C200C31683 /* InfoPlist.strings */,
			);
			name = "Supporting Files";
			sourceTree = "<group>";
		};
		FB573EF819941E6E00C31683 /* Resources */ = {
			isa = PBXGroup;
			children = (
				FB573EF919941E6E00C31683 /* assets.atlas */,
				FB573EFA19941E6E00C31683 /* backgrounds */,
			);
			path = Resources;
			sourceTree = "<group>";
		};
		FB573EFA19941E6E00C31683 /* backgrounds */ = {
			isa = PBXGroup;
			children = (
				FB573EFB19941E6E00C31683 /* bg@2x~iphone.png */,
			);
			path = backgrounds;
			sourceTree = "<group>";
		};
/* End PBXGroup section */

/* Begin PBXNativeTarget section */
		FB573EB8199419C100C31683 /* BreakOut */ = {
			isa = PBXNativeTarget;
			buildConfigurationList = FB573EF2199419C200C31683 /* Build configuration list for PBXNativeTarget "BreakOut" */;
			buildPhases = (
				FB573EB5199419C100C31683 /* Sources */,
				FB573EB6199419C100C31683 /* Frameworks */,
				FB573EB7199419C100C31683 /* Resources */,
			);
			buildRules = (
			);
			dependencies = (
			);
			name = BreakOut;
			productName = BreakOut;
			productReference = FB573EB9199419C200C31683 /* BreakOut.app */;
			productType = "com.apple.product-type.application";
		};
		FB573EE0199419C200C31683 /* BreakOutTests */ = {
			isa = PBXNativeTarget;
			buildConfigurationList = FB573EF5199419C200C31683 /* Build configuration list for PBXNativeTarget "BreakOutTests" */;
			buildPhases = (
				FB573EDD199419C200C31683 /* Sources */,
				FB573EDE199419C200C31683 /* Frameworks */,
				FB573EDF199419C200C31683 /* Resources */,
			);
			buildRules = (
			);
			dependencies = (
				FB573EE7199419C200C31683 /* PBXTargetDependency */,
			);
			name = BreakOutTests;
			productName = BreakOutTests;
			productReference = FB573EE1199419C200C31683 /* BreakOutTests.xctest */;
			productType = "com.apple.product-type.bundle.unit-test";
		};
/* End PBXNativeTarget section */

/* Begin PBXProject section */
		FB573EB1199419C100C31683 /* Project object */ = {
			isa = PBXProject;
			attributes = {
				CLASSPREFIX = BKT;
				LastUpgradeCheck = 0510;
				ORGANIZATIONNAME = Agustin;
				TargetAttributes = {
					FB573EE0199419C200C31683 = {
						TestTargetID = FB573EB8199419C100C31683;
					};
				};
			};
			buildConfigurationList = FB573EB4199419C100C31683 /* Build configuration list for PBXProject "BreakOut" */;
			compatibilityVersion = "Xcode 3.2";
			developmentRegion = English;
			hasScannedForEncodings = 0;
			knownRegions = (
				en,
				Base,
			);
			mainGroup = FB573EB0199419C100C31683;
			productRefGroup = FB573EBA199419C200C31683 /* Products */;
			projectDirPath = "";
			projectRoot = "";
			targets = (
				FB573EB8199419C100C31683 /* BreakOut */,
				FB573EE0199419C200C31683 /* BreakOutTests */,
			);
		};
/* End PBXProject section */

/* Begin PBXResourcesBuildPhase section */
		FB573EB7199419C100C31683 /* Resources */ = {
			isa = PBXResourcesBuildPhase;
			buildActionMask = 2147483647;
			files = (
				FB573EC9199419C200C31683 /* InfoPlist.strings in Resources */,
				FB573EFD19941E6E00C31683 /* bg@2x~iphone.png in Resources */,
				FB573EDC199419C200C31683 /* Images.xcassets in Resources */,
				FB573EFC19941E6E00C31683 /* assets.atlas in Resources */,
				FB573ED2199419C200C31683 /* Main.storyboard in Resources */,
			);
			runOnlyForDeploymentPostprocessing = 0;
		};
		FB573EDF199419C200C31683 /* Resources */ = {
			isa = PBXResourcesBuildPhase;
			buildActionMask = 2147483647;
			files = (
				FB573EED199419C200C31683 /* InfoPlist.strings in Resources */,
			);
			runOnlyForDeploymentPostprocessing = 0;
		};
/* End PBXResourcesBuildPhase section */

/* Begin PBXSourcesBuildPhase section */
		FB573EB5199419C100C31683 /* Sources */ = {
			isa = PBXSourcesBuildPhase;
			buildActionMask = 2147483647;
			files = (
				FB573ED8199419C200C31683 /* BKTMyScene.m in Sources */,
				FB573ECF199419C200C31683 /* BKTAppDelegate.m in Sources */,
				FB573ECB199419C200C31683 /* main.m in Sources */,
				FB573ED5199419C200C31683 /* BKTViewController.m in Sources */,
			);
			runOnlyForDeploymentPostprocessing = 0;
		};
		FB573EDD199419C200C31683 /* Sources */ = {
			isa = PBXSourcesBuildPhase;
			buildActionMask = 2147483647;
			files = (
				FB573EEF199419C200C31683 /* BreakOutTests.m in Sources */,
			);
			runOnlyForDeploymentPostprocessing = 0;
		};
/* End PBXSourcesBuildPhase section */

/* Begin PBXTargetDependency section */
		FB573EE7199419C200C31683 /* PBXTargetDependency */ = {
			isa = PBXTargetDependency;
			target = FB573EB8199419C100C31683 /* BreakOut */;
			targetProxy = FB573EE6199419C200C31683 /* PBXContainerItemProxy */;
		};
/* End PBXTargetDependency section */

/* Begin PBXVariantGroup section */
		FB573EC7199419C200C31683 /* InfoPlist.strings */ = {
			isa = PBXVariantGroup;
			children = (
				FB573EC8199419C200C31683 /* en */,
			);
			name = InfoPlist.strings;
			sourceTree = "<group>";
		};
		FB573ED0199419C200C31683 /* Main.storyboard */ = {
			isa = PBXVariantGroup;
			children = (
				FB573ED1199419C200C31683 /* Base */,
			);
			name = Main.storyboard;
			sourceTree = "<group>";
		};
		FB573EEB199419C200C31683 /* InfoPlist.strings */ = {
			isa = PBXVariantGroup;
			children = (
				FB573EEC199419C200C31683 /* en */,
			);
			name = InfoPlist.strings;
			sourceTree = "<group>";
		};
/* End PBXVariantGroup section */

/* Begin XCBuildConfiguration section */
		FB573EF0199419C200C31683 /* Debug */ = {
			isa = XCBuildConfiguration;
			buildSettings = {
				ALWAYS_SEARCH_USER_PATHS = NO;
				CLANG_CXX_LANGUAGE_STANDARD = "gnu++0x";
				CLANG_CXX_LIBRARY = "libc++";
				CLANG_ENABLE_MODULES = YES;
				CLANG_ENABLE_OBJC_ARC = YES;
				CLANG_WARN_BOOL_CONVERSION = YES;
				CLANG_WARN_CONSTANT_CONVERSION = YES;
				CLANG_WARN_DIRECT_OBJC_ISA_USAGE = YES_ERROR;
				CLANG_WARN_EMPTY_BODY = YES;
				CLANG_WARN_ENUM_CONVERSION = YES;
				CLANG_WARN_INT_CONVERSION = YES;
				CLANG_WARN_OBJC_ROOT_CLASS = YES_ERROR;
				CLANG_WARN__DUPLICATE_METHOD_MATCH = YES;
				"CODE_SIGN_IDENTITY[sdk=iphoneos*]" = "iPhone Developer";
				COPY_PHASE_STRIP = NO;
				GCC_C_LANGUAGE_STANDARD = gnu99;
				GCC_DYNAMIC_NO_PIC = NO;
				GCC_OPTIMIZATION_LEVEL = 0;
				GCC_PREPROCESSOR_DEFINITIONS = (
					"DEBUG=1",
					"$(inherited)",
				);
				GCC_SYMBOLS_PRIVATE_EXTERN = NO;
				GCC_WARN_64_TO_32_BIT_CONVERSION = YES;
				GCC_WARN_ABOUT_RETURN_TYPE = YES_ERROR;
				GCC_WARN_UNDECLARED_SELECTOR = YES;
				GCC_WARN_UNINITIALIZED_AUTOS = YES_AGGRESSIVE;
				GCC_WARN_UNUSED_FUNCTION = YES;
				GCC_WARN_UNUSED_VARIABLE = YES;
				IPHONEOS_DEPLOYMENT_TARGET = 7.1;
				ONLY_ACTIVE_ARCH = YES;
				SDKROOT = iphoneos;
			};
			name = Debug;
		};
		FB573EF1199419C200C31683 /* Release */ = {
			isa = XCBuildConfiguration;
			buildSettings = {
				ALWAYS_SEARCH_USER_PATHS = NO;
				CLANG_CXX_LANGUAGE_STANDARD = "gnu++0x";
				CLANG_CXX_LIBRARY = "libc++";
				CLANG_ENABLE_MODULES = YES;
				CLANG_ENABLE_OBJC_ARC = YES;
				CLANG_WARN_BOOL_CONVERSION = YES;
				CLANG_WARN_CONSTANT_CONVERSION = YES;
				CLANG_WARN_DIRECT_OBJC_ISA_USAGE = YES_ERROR;
				CLANG_WARN_EMPTY_BODY = YES;
				CLANG_WARN_ENUM_CONVERSION = YES;
				CLANG_WARN_INT_CONVERSION = YES;
				CLANG_WARN_OBJC_ROOT_CLASS = YES_ERROR;
				CLANG_WARN__DUPLICATE_METHOD_MATCH = YES;
				"CODE_SIGN_IDENTITY[sdk=iphoneos*]" = "iPhone Developer";
				COPY_PHASE_STRIP = YES;
				ENABLE_NS_ASSERTIONS = NO;
				GCC_C_LANGUAGE_STANDARD = gnu99;
				GCC_WARN_64_TO_32_BIT_CONVERSION = YES;
				GCC_WARN_ABOUT_RETURN_TYPE = YES_ERROR;
				GCC_WARN_UNDECLARED_SELECTOR = YES;
				GCC_WARN_UNINITIALIZED_AUTOS = YES_AGGRESSIVE;
				GCC_WARN_UNUSED_FUNCTION = YES;
				GCC_WARN_UNUSED_VARIABLE = YES;
				IPHONEOS_DEPLOYMENT_TARGET = 7.1;
				SDKROOT = iphoneos;
				VALIDATE_PRODUCT = YES;
			};
			name = Release;
		};
		FB573EF3199419C200C31683 /* Debug */ = {
			isa = XCBuildConfiguration;
			buildSettings = {
				ASSETCATALOG_COMPILER_APPICON_NAME = AppIcon;
				ASSETCATALOG_COMPILER_LAUNCHIMAGE_NAME = LaunchImage;
				GCC_PRECOMPILE_PREFIX_HEADER = YES;
				GCC_PREFIX_HEADER = "BreakOut/BreakOut-Prefix.pch";
				INFOPLIST_FILE = "BreakOut/BreakOut-Info.plist";
				PRODUCT_NAME = "$(TARGET_NAME)";
				SPRITEKIT_TEXTURE_ATLAS_OUTPUT = YES;
				WRAPPER_EXTENSION = app;
			};
			name = Debug;
		};
		FB573EF4199419C200C31683 /* Release */ = {
			isa = XCBuildConfiguration;
			buildSettings = {
				ASSETCATALOG_COMPILER_APPICON_NAME = AppIcon;
				ASSETCATALOG_COMPILER_LAUNCHIMAGE_NAME = LaunchImage;
				GCC_PRECOMPILE_PREFIX_HEADER = YES;
				GCC_PREFIX_HEADER = "BreakOut/BreakOut-Prefix.pch";
				INFOPLIST_FILE = "BreakOut/BreakOut-Info.plist";
				PRODUCT_NAME = "$(TARGET_NAME)";
				SPRITEKIT_TEXTURE_ATLAS_OUTPUT = YES;
				WRAPPER_EXTENSION = app;
			};
			name = Release;
		};
		FB573EF6199419C200C31683 /* Debug */ = {
			isa = XCBuildConfiguration;
			buildSettings = {
				BUNDLE_LOADER = "$(BUILT_PRODUCTS_DIR)/BreakOut.app/BreakOut";
				FRAMEWORK_SEARCH_PATHS = (
					"$(SDKROOT)/Developer/Library/Frameworks",
					"$(inherited)",
					"$(DEVELOPER_FRAMEWORKS_DIR)",
				);
				GCC_PRECOMPILE_PREFIX_HEADER = YES;
				GCC_PREFIX_HEADER = "BreakOut/BreakOut-Prefix.pch";
				GCC_PREPROCESSOR_DEFINITIONS = (
					"DEBUG=1",
					"$(inherited)",
				);
				INFOPLIST_FILE = "BreakOutTests/BreakOutTests-Info.plist";
				PRODUCT_NAME = "$(TARGET_NAME)";
				TEST_HOST = "$(BUNDLE_LOADER)";
				WRAPPER_EXTENSION = xctest;
			};
			name = Debug;
		};
		FB573EF7199419C200C31683 /* Release */ = {
			isa = XCBuildConfiguration;
			buildSettings = {
				BUNDLE_LOADER = "$(BUILT_PRODUCTS_DIR)/BreakOut.app/BreakOut";
				FRAMEWORK_SEARCH_PATHS = (
					"$(SDKROOT)/Developer/Library/Frameworks",
					"$(inherited)",
					"$(DEVELOPER_FRAMEWORKS_DIR)",
				);
				GCC_PRECOMPILE_PREFIX_HEADER = YES;
				GCC_PREFIX_HEADER = "BreakOut/BreakOut-Prefix.pch";
				INFOPLIST_FILE = "BreakOutTests/BreakOutTests-Info.plist";
				PRODUCT_NAME = "$(TARGET_NAME)";
				TEST_HOST = "$(BUNDLE_LOADER)";
				WRAPPER_EXTENSION = xctest;
			};
			name = Release;
		};
/* End XCBuildConfiguration section */

/* Begin XCConfigurationList section */
		FB573EB4199419C100C31683 /* Build configuration list for PBXProject "BreakOut" */ = {
			isa = XCConfigurationList;
			buildConfigurations = (
				FB573EF0199419C200C31683 /* Debug */,
				FB573EF1199419C200C31683 /* Release */,
			);
			defaultConfigurationIsVisible = 0;
			defaultConfigurationName = Release;
		};
		FB573EF2199419C200C31683 /* Build configuration list for PBXNativeTarget "BreakOut" */ = {
			isa = XCConfigurationList;
			buildConfigurations = (
				FB573EF3199419C200C31683 /* Debug */,
				FB573EF4199419C200C31683 /* Release */,
			);
			defaultConfigurationIsVisible = 0;
		};
		FB573EF5199419C200C31683 /* Build configuration list for PBXNativeTarget "BreakOutTests" */ = {
			isa = XCConfigurationList;
			buildConfigurations = (
				FB573EF6199419C200C31683 /* Debug */,
				FB573EF7199419C200C31683 /* Release */,
			);
			defaultConfigurationIsVisible = 0;
		};
/* End XCConfigurationList section */
	};
	rootObject = FB573EB1199419C100C31683 /* Project object */;
}
